// !$*UTF8*$!
{
	archiveVersion = 1;
	classes = {
	};
	objectVersion = 46;
	objects = {

/* Begin PBXBuildFile section */
		B34333FF187E337E0017D7B3 /* Foundation.framework in Frameworks */ = {isa = PBXBuildFile; fileRef = B34333FE187E337E0017D7B3 /* Foundation.framework */; };
		B3433401187E337E0017D7B3 /* CoreGraphics.framework in Frameworks */ = {isa = PBXBuildFile; fileRef = B3433400187E337E0017D7B3 /* CoreGraphics.framework */; };
		B3433403187E337E0017D7B3 /* UIKit.framework in Frameworks */ = {isa = PBXBuildFile; fileRef = B3433402187E337E0017D7B3 /* UIKit.framework */; };
		B3433409187E337E0017D7B3 /* InfoPlist.strings in Resources */ = {isa = PBXBuildFile; fileRef = B3433407187E337E0017D7B3 /* InfoPlist.strings */; };
		B343340B187E337E0017D7B3 /* main.m in Sources */ = {isa = PBXBuildFile; fileRef = B343340A187E337E0017D7B3 /* main.m */; };
		B343340F187E337E0017D7B3 /* AppDelegate.m in Sources */ = {isa = PBXBuildFile; fileRef = B343340E187E337E0017D7B3 /* AppDelegate.m */; };
		B3433412187E337E0017D7B3 /* Main.storyboard in Resources */ = {isa = PBXBuildFile; fileRef = B3433410187E337E0017D7B3 /* Main.storyboard */; };
		B3433415187E337E0017D7B3 /* ViewController.m in Sources */ = {isa = PBXBuildFile; fileRef = B3433414187E337E0017D7B3 /* ViewController.m */; };
		B3433417187E337E0017D7B3 /* Images.xcassets in Resources */ = {isa = PBXBuildFile; fileRef = B3433416187E337E0017D7B3 /* Images.xcassets */; };
		B343341E187E337F0017D7B3 /* XCTest.framework in Frameworks */ = {isa = PBXBuildFile; fileRef = B343341D187E337F0017D7B3 /* XCTest.framework */; };
		B343341F187E337F0017D7B3 /* Foundation.framework in Frameworks */ = {isa = PBXBuildFile; fileRef = B34333FE187E337E0017D7B3 /* Foundation.framework */; };
		B3433420187E337F0017D7B3 /* UIKit.framework in Frameworks */ = {isa = PBXBuildFile; fileRef = B3433402187E337E0017D7B3 /* UIKit.framework */; };
		B3433428187E337F0017D7B3 /* InfoPlist.strings in Resources */ = {isa = PBXBuildFile; fileRef = B3433426187E337F0017D7B3 /* InfoPlist.strings */; };
		B343342A187E337F0017D7B3 /* ModelDataTestTests.m in Sources */ = {isa = PBXBuildFile; fileRef = B3433429187E337F0017D7B3 /* ModelDataTestTests.m */; };
/* End PBXBuildFile section */

/* Begin PBXContainerItemProxy section */
		B3433421187E337F0017D7B3 /* PBXContainerItemProxy */ = {
			isa = PBXContainerItemProxy;
			containerPortal = B34333F3187E337E0017D7B3 /* Project object */;
			proxyType = 1;
			remoteGlobalIDString = B34333FA187E337E0017D7B3;
			remoteInfo = ModelDataTest;
		};
/* End PBXContainerItemProxy section */

/* Begin PBXFileReference section */
		B34333FB187E337E0017D7B3 /* ModelDataTest.app */ = {isa = PBXFileReference; explicitFileType = wrapper.application; includeInIndex = 0; path = ModelDataTest.app; sourceTree = BUILT_PRODUCTS_DIR; };
		B34333FE187E337E0017D7B3 /* Foundation.framework */ = {isa = PBXFileReference; lastKnownFileType = wrapper.framework; name = Foundation.framework; path = System/Library/Frameworks/Foundation.framework; sourceTree = SDKROOT; };
		B3433400187E337E0017D7B3 /* CoreGraphics.framework */ = {isa = PBXFileReference; lastKnownFileType = wrapper.framework; name = CoreGraphics.framework; path = System/Library/Frameworks/CoreGraphics.framework; sourceTree = SDKROOT; };
		B3433402187E337E0017D7B3 /* UIKit.framework */ = {isa = PBXFileReference; lastKnownFileType = wrapper.framework; name = UIKit.framework; path = System/Library/Frameworks/UIKit.framework; sourceTree = SDKROOT; };
		B3433406187E337E0017D7B3 /* ModelDataTest-Info.plist */ = {isa = PBXFileReference; lastKnownFileType = text.plist.xml; path = "ModelDataTest-Info.plist"; sourceTree = "<group>"; };
		B3433408187E337E0017D7B3 /* en */ = {isa = PBXFileReference; lastKnownFileType = text.plist.strings; name = en; path = en.lproj/InfoPlist.strings; sourceTree = "<group>"; };
		B343340A187E337E0017D7B3 /* main.m */ = {isa = PBXFileReference; lastKnownFileType = sourcecode.c.objc; path = main.m; sourceTree = "<group>"; };
		B343340C187E337E0017D7B3 /* ModelDataTest-Prefix.pch */ = {isa = PBXFileReference; lastKnownFileType = sourcecode.c.h; path = "ModelDataTest-Prefix.pch"; sourceTree = "<group>"; };
		B343340D187E337E0017D7B3 /* AppDelegate.h */ = {isa = PBXFileReference; lastKnownFileType = sourcecode.c.h; path = AppDelegate.h; sourceTree = "<group>"; };
		B343340E187E337E0017D7B3 /* AppDelegate.m */ = {isa = PBXFileReference; lastKnownFileType = sourcecode.c.objc; path = AppDelegate.m; sourceTree = "<group>"; };
		B3433411187E337E0017D7B3 /* Base */ = {isa = PBXFileReference; lastKnownFileType = file.storyboard; name = Base; path = Base.lproj/Main.storyboard; sourceTree = "<group>"; };
		B3433413187E337E0017D7B3 /* ViewController.h */ = {isa = PBXFileReference; lastKnownFileType = sourcecode.c.h; path = ViewController.h; sourceTree = "<group>"; };
		B3433414187E337E0017D7B3 /* ViewController.m */ = {isa = PBXFileReference; lastKnownFileType = sourcecode.c.objc; path = ViewController.m; sourceTree = "<group>"; };
		B3433416187E337E0017D7B3 /* Images.xcassets */ = {isa = PBXFileReference; lastKnownFileType = folder.assetcatalog; path = Images.xcassets; sourceTree = "<group>"; };
		B343341C187E337F0017D7B3 /* ModelDataTestTests.xctest */ = {isa = PBXFileReference; explicitFileType = wrapper.cfbundle; includeInIndex = 0; path = ModelDataTestTests.xctest; sourceTree = BUILT_PRODUCTS_DIR; };
		B343341D187E337F0017D7B3 /* XCTest.framework */ = {isa = PBXFileReference; lastKnownFileType = wrapper.framework; name = XCTest.framework; path = Library/Frameworks/XCTest.framework; sourceTree = DEVELOPER_DIR; };
		B3433425187E337F0017D7B3 /* ModelDataTestTests-Info.plist */ = {isa = PBXFileReference; lastKnownFileType = text.plist.xml; path = "ModelDataTestTests-Info.plist"; sourceTree = "<group>"; };
		B3433427187E337F0017D7B3 /* en */ = {isa = PBXFileReference; lastKnownFileType = text.plist.strings; name = en; path = en.lproj/InfoPlist.strings; sourceTree = "<group>"; };
		B3433429187E337F0017D7B3 /* ModelDataTestTests.m */ = {isa = PBXFileReference; lastKnownFileType = sourcecode.c.objc; path = ModelDataTestTests.m; sourceTree = "<group>"; };
/* End PBXFileReference section */

/* Begin PBXFrameworksBuildPhase section */
		B34333F8187E337E0017D7B3 /* Frameworks */ = {
			isa = PBXFrameworksBuildPhase;
			buildActionMask = 2147483647;
			files = (
				B3433401187E337E0017D7B3 /* CoreGraphics.framework in Frameworks */,
				B3433403187E337E0017D7B3 /* UIKit.framework in Frameworks */,
				B34333FF187E337E0017D7B3 /* Foundation.framework in Frameworks */,
			);
			runOnlyForDeploymentPostprocessing = 0;
		};
		B3433419187E337F0017D7B3 /* Frameworks */ = {
			isa = PBXFrameworksBuildPhase;
			buildActionMask = 2147483647;
			files = (
				B343341E187E337F0017D7B3 /* XCTest.framework in Frameworks */,
				B3433420187E337F0017D7B3 /* UIKit.framework in Frameworks */,
				B343341F187E337F0017D7B3 /* Foundation.framework in Frameworks */,
			);
			runOnlyForDeploymentPostprocessing = 0;
		};
/* End PBXFrameworksBuildPhase section */

/* Begin PBXGroup section */
		B34333F2187E337E0017D7B3 = {
			isa = PBXGroup;
			children = (
				B3433404187E337E0017D7B3 /* ModelDataTest */,
				B3433423187E337F0017D7B3 /* ModelDataTestTests */,
				B34333FD187E337E0017D7B3 /* Frameworks */,
				B34333FC187E337E0017D7B3 /* Products */,
			);
			sourceTree = "<group>";
		};
		B34333FC187E337E0017D7B3 /* Products */ = {
			isa = PBXGroup;
			children = (
				B34333FB187E337E0017D7B3 /* ModelDataTest.app */,
				B343341C187E337F0017D7B3 /* ModelDataTestTests.xctest */,
			);
			name = Products;
			sourceTree = "<group>";
		};
		B34333FD187E337E0017D7B3 /* Frameworks */ = {
			isa = PBXGroup;
			children = (
				B34333FE187E337E0017D7B3 /* Foundation.framework */,
				B3433400187E337E0017D7B3 /* CoreGraphics.framework */,
				B3433402187E337E0017D7B3 /* UIKit.framework */,
				B343341D187E337F0017D7B3 /* XCTest.framework */,
			);
			name = Frameworks;
			sourceTree = "<group>";
		};
		B3433404187E337E0017D7B3 /* ModelDataTest */ = {
			isa = PBXGroup;
			children = (
				B343340D187E337E0017D7B3 /* AppDelegate.h */,
				B343340E187E337E0017D7B3 /* AppDelegate.m */,
				B3433410187E337E0017D7B3 /* Main.storyboard */,
				B3433413187E337E0017D7B3 /* ViewController.h */,
				B3433414187E337E0017D7B3 /* ViewController.m */,
				B3433416187E337E0017D7B3 /* Images.xcassets */,
				B3433405187E337E0017D7B3 /* Supporting Files */,
			);
			path = ModelDataTest;
			sourceTree = "<group>";
		};
		B3433405187E337E0017D7B3 /* Supporting Files */ = {
			isa = PBXGroup;
			children = (
				B3433406187E337E0017D7B3 /* ModelDataTest-Info.plist */,
				B3433407187E337E0017D7B3 /* InfoPlist.strings */,
				B343340A187E337E0017D7B3 /* main.m */,
				B343340C187E337E0017D7B3 /* ModelDataTest-Prefix.pch */,
			);
			name = "Supporting Files";
			sourceTree = "<group>";
		};
		B3433423187E337F0017D7B3 /* ModelDataTestTests */ = {
			isa = PBXGroup;
			children = (
				B3433429187E337F0017D7B3 /* ModelDataTestTests.m */,
				B3433424187E337F0017D7B3 /* Supporting Files */,
			);
			path = ModelDataTestTests;
			sourceTree = "<group>";
		};
		B3433424187E337F0017D7B3 /* Supporting Files */ = {
			isa = PBXGroup;
			children = (
				B3433425187E337F0017D7B3 /* ModelDataTestTests-Info.plist */,
				B3433426187E337F0017D7B3 /* InfoPlist.strings */,
			);
			name = "Supporting Files";
			sourceTree = "<group>";
		};
/* End PBXGroup section */

/* Begin PBXNativeTarget section */
		B34333FA187E337E0017D7B3 /* ModelDataTest */ = {
			isa = PBXNativeTarget;
			buildConfigurationList = B343342D187E337F0017D7B3 /* Build configuration list for PBXNativeTarget "ModelDataTest" */;
			buildPhases = (
				B34333F7187E337E0017D7B3 /* Sources */,
				B34333F8187E337E0017D7B3 /* Frameworks */,
				B34333F9187E337E0017D7B3 /* Resources */,
			);
			buildRules = (
			);
			dependencies = (
			);
			name = ModelDataTest;
			productName = ModelDataTest;
			productReference = B34333FB187E337E0017D7B3 /* ModelDataTest.app */;
			productType = "com.apple.product-type.application";
		};
		B343341B187E337F0017D7B3 /* ModelDataTestTests */ = {
			isa = PBXNativeTarget;
			buildConfigurationList = B3433430187E337F0017D7B3 /* Build configuration list for PBXNativeTarget "ModelDataTestTests" */;
			buildPhases = (
				B3433418187E337F0017D7B3 /* Sources */,
				B3433419187E337F0017D7B3 /* Frameworks */,
				B343341A187E337F0017D7B3 /* Resources */,
			);
			buildRules = (
			);
			dependencies = (
				B3433422187E337F0017D7B3 /* PBXTargetDependency */,
			);
			name = ModelDataTestTests;
			productName = ModelDataTestTests;
			productReference = B343341C187E337F0017D7B3 /* ModelDataTestTests.xctest */;
			productType = "com.apple.product-type.bundle.unit-test";
		};
/* End PBXNativeTarget section */

/* Begin PBXProject section */
		B34333F3187E337E0017D7B3 /* Project object */ = {
			isa = PBXProject;
			attributes = {
				LastUpgradeCheck = 0500;
				ORGANIZATIONNAME = SDT1;
				TargetAttributes = {
					B343341B187E337F0017D7B3 = {
						TestTargetID = B34333FA187E337E0017D7B3;
					};
				};
			};
			buildConfigurationList = B34333F6187E337E0017D7B3 /* Build configuration list for PBXProject "ModelDataTest" */;
			compatibilityVersion = "Xcode 3.2";
			developmentRegion = English;
			hasScannedForEncodings = 0;
			knownRegions = (
				en,
				Base,
			);
			mainGroup = B34333F2187E337E0017D7B3;
			productRefGroup = B34333FC187E337E0017D7B3 /* Products */;
			projectDirPath = "";
			projectRoot = "";
			targets = (
				B34333FA187E337E0017D7B3 /* ModelDataTest */,
				B343341B187E337F0017D7B3 /* ModelDataTestTests */,
			);
		};
/* End PBXProject section */

/* Begin PBXResourcesBuildPhase section */
		B34333F9187E337E0017D7B3 /* Resources */ = {
			isa = PBXResourcesBuildPhase;
			buildActionMask = 2147483647;
			files = (
				B3433417187E337E0017D7B3 /* Images.xcassets in Resources */,
				B3433409187E337E0017D7B3 /* InfoPlist.strings in Resources */,
				B3433412187E337E0017D7B3 /* Main.storyboard in Resources */,
			);
			runOnlyForDeploymentPostprocessing = 0;
		};
		B343341A187E337F0017D7B3 /* Resources */ = {
			isa = PBXResourcesBuildPhase;
			buildActionMask = 2147483647;
			files = (
				B3433428187E337F0017D7B3 /* InfoPlist.strings in Resources */,
			);
			runOnlyForDeploymentPostprocessing = 0;
		};
/* End PBXResourcesBuildPhase section */

/* Begin PBXSourcesBuildPhase section */
		B34333F7187E337E0017D7B3 /* Sources */ = {
			isa = PBXSourcesBuildPhase;
			buildActionMask = 2147483647;
			files = (
				B3433415187E337E0017D7B3 /* ViewController.m in Sources */,
				B343340F187E337E0017D7B3 /* AppDelegate.m in Sources */,
				B343340B187E337E0017D7B3 /* main.m in Sources */,
			);
			runOnlyForDeploymentPostprocessing = 0;
		};
		B3433418187E337F0017D7B3 /* Sources */ = {
			isa = PBXSourcesBuildPhase;
			buildActionMask = 2147483647;
			files = (
				B343342A187E337F0017D7B3 /* ModelDataTestTests.m in Sources */,
			);
			runOnlyForDeploymentPostprocessing = 0;
		};
/* End PBXSourcesBuildPhase section */

/* Begin PBXTargetDependency section */
		B3433422187E337F0017D7B3 /* PBXTargetDependency */ = {
			isa = PBXTargetDependency;
			target = B34333FA187E337E0017D7B3 /* ModelDataTest */;
			targetProxy = B3433421187E337F0017D7B3 /* PBXContainerItemProxy */;
		};
/* End PBXTargetDependency section */

/* Begin PBXVariantGroup section */
		B3433407187E337E0017D7B3 /* InfoPlist.strings */ = {
			isa = PBXVariantGroup;
			children = (
				B3433408187E337E0017D7B3 /* en */,
			);
			name = InfoPlist.strings;
			sourceTree = "<group>";
		};
		B3433410187E337E0017D7B3 /* Main.storyboard */ = {
			isa = PBXVariantGroup;
			children = (
				B3433411187E337E0017D7B3 /* Base */,
			);
			name = Main.storyboard;
			sourceTree = "<group>";
		};
		B3433426187E337F0017D7B3 /* InfoPlist.strings */ = {
			isa = PBXVariantGroup;
			children = (
				B3433427187E337F0017D7B3 /* en */,
			);
			name = InfoPlist.strings;
			sourceTree = "<group>";
		};
/* End PBXVariantGroup section */

/* Begin XCBuildConfiguration section */
		B343342B187E337F0017D7B3 /* Debug */ = {
			isa = XCBuildConfiguration;
			buildSettings = {
				ALWAYS_SEARCH_USER_PATHS = NO;
				ARCHS = "$(ARCHS_STANDARD_INCLUDING_64_BIT)";
				CLANG_CXX_LANGUAGE_STANDARD = "gnu++0x";
				CLANG_CXX_LIBRARY = "libc++";
				CLANG_ENABLE_MODULES = YES;
				CLANG_ENABLE_OBJC_ARC = YES;
				CLANG_WARN_BOOL_CONVERSION = YES;
				CLANG_WARN_CONSTANT_CONVERSION = YES;
				CLANG_WARN_DIRECT_OBJC_ISA_USAGE = YES_ERROR;
				CLANG_WARN_EMPTY_BODY = YES;
				CLANG_WARN_ENUM_CONVERSION = YES;
				CLANG_WARN_INT_CONVERSION = YES;
				CLANG_WARN_OBJC_ROOT_CLASS = YES_ERROR;
				CLANG_WARN__DUPLICATE_METHOD_MATCH = YES;
				"CODE_SIGN_IDENTITY[sdk=iphoneos*]" = "iPhone Developer";
				COPY_PHASE_STRIP = NO;
				GCC_C_LANGUAGE_STANDARD = gnu99;
				GCC_DYNAMIC_NO_PIC = NO;
				GCC_OPTIMIZATION_LEVEL = 0;
				GCC_PREPROCESSOR_DEFINITIONS = (
					"DEBUG=1",
					"$(inherited)",
				);
				GCC_SYMBOLS_PRIVATE_EXTERN = NO;
				GCC_WARN_64_TO_32_BIT_CONVERSION = YES;
				GCC_WARN_ABOUT_RETURN_TYPE = YES_ERROR;
				GCC_WARN_UNDECLARED_SELECTOR = YES;
				GCC_WARN_UNINITIALIZED_AUTOS = YES;
				GCC_WARN_UNUSED_FUNCTION = YES;
				GCC_WARN_UNUSED_VARIABLE = YES;
				IPHONEOS_DEPLOYMENT_TARGET = 7.0;
				ONLY_ACTIVE_ARCH = YES;
				SDKROOT = iphoneos;
			};
			name = Debug;
		};
		B343342C187E337F0017D7B3 /* Release */ = {
			isa = XCBuildConfiguration;
			buildSettings = {
				ALWAYS_SEARCH_USER_PATHS = NO;
				ARCHS = "$(ARCHS_STANDARD_INCLUDING_64_BIT)";
				CLANG_CXX_LANGUAGE_STANDARD = "gnu++0x";
				CLANG_CXX_LIBRARY = "libc++";
				CLANG_ENABLE_MODULES = YES;
				CLANG_ENABLE_OBJC_ARC = YES;
				CLANG_WARN_BOOL_CONVERSION = YES;
				CLANG_WARN_CONSTANT_CONVERSION = YES;
				CLANG_WARN_DIRECT_OBJC_ISA_USAGE = YES_ERROR;
				CLANG_WARN_EMPTY_BODY = YES;
				CLANG_WARN_ENUM_CONVERSION = YES;
				CLANG_WARN_INT_CONVERSION = YES;
				CLANG_WARN_OBJC_ROOT_CLASS = YES_ERROR;
				CLANG_WARN__DUPLICATE_METHOD_MATCH = YES;
				"CODE_SIGN_IDENTITY[sdk=iphoneos*]" = "iPhone Developer";
				COPY_PHASE_STRIP = YES;
				ENABLE_NS_ASSERTIONS = NO;
				GCC_C_LANGUAGE_STANDARD = gnu99;
				GCC_WARN_64_TO_32_BIT_CONVERSION = YES;
				GCC_WARN_ABOUT_RETURN_TYPE = YES_ERROR;
				GCC_WARN_UNDECLARED_SELECTOR = YES;
				GCC_WARN_UNINITIALIZED_AUTOS = YES;
				GCC_WARN_UNUSED_FUNCTION = YES;
				GCC_WARN_UNUSED_VARIABLE = YES;
				IPHONEOS_DEPLOYMENT_TARGET = 7.0;
				SDKROOT = iphoneos;
				VALIDATE_PRODUCT = YES;
			};
			name = Release;
		};
		B343342E187E337F0017D7B3 /* Debug */ = {
			isa = XCBuildConfiguration;
			buildSettings = {
				ASSETCATALOG_COMPILER_APPICON_NAME = AppIcon;
				ASSETCATALOG_COMPILER_LAUNCHIMAGE_NAME = LaunchImage;
				GCC_PRECOMPILE_PREFIX_HEADER = YES;
				GCC_PREFIX_HEADER = "ModelDataTest/ModelDataTest-Prefix.pch";
				INFOPLIST_FILE = "ModelDataTest/ModelDataTest-Info.plist";
				PRODUCT_NAME = "$(TARGET_NAME)";
				WRAPPER_EXTENSION = app;
			};
			name = Debug;
		};
		B343342F187E337F0017D7B3 /* Release */ = {
			isa = XCBuildConfiguration;
			buildSettings = {
				ASSETCATALOG_COMPILER_APPICON_NAME = AppIcon;
				ASSETCATALOG_COMPILER_LAUNCHIMAGE_NAME = LaunchImage;
				GCC_PRECOMPILE_PREFIX_HEADER = YES;
				GCC_PREFIX_HEADER = "ModelDataTest/ModelDataTest-Prefix.pch";
				INFOPLIST_FILE = "ModelDataTest/ModelDataTest-Info.plist";
				PRODUCT_NAME = "$(TARGET_NAME)";
				WRAPPER_EXTENSION = app;
			};
			name = Release;
		};
		B3433431187E337F0017D7B3 /* Debug */ = {
			isa = XCBuildConfiguration;
			buildSettings = {
				ARCHS = "$(ARCHS_STANDARD_INCLUDING_64_BIT)";
				BUNDLE_LOADER = "$(BUILT_PRODUCTS_DIR)/ModelDataTest.app/ModelDataTest";
				FRAMEWORK_SEARCH_PATHS = (
					"$(SDKROOT)/Developer/Library/Frameworks",
					"$(inherited)",
					"$(DEVELOPER_FRAMEWORKS_DIR)",
				);
				GCC_PRECOMPILE_PREFIX_HEADER = YES;
				GCC_PREFIX_HEADER = "ModelDataTest/ModelDataTest-Prefix.pch";
				GCC_PREPROCESSOR_DEFINITIONS = (
					"DEBUG=1",
					"$(inherited)",
				);
				INFOPLIST_FILE = "ModelDataTestTests/ModelDataTestTests-Info.plist";
				PRODUCT_NAME = "$(TARGET_NAME)";
				TEST_HOST = "$(BUNDLE_LOADER)";
				WRAPPER_EXTENSION = xctest;
			};
			name = Debug;
		};
		B3433432187E337F0017D7B3 /* Release */ = {
			isa = XCBuildConfiguration;
			buildSettings = {
				ARCHS = "$(ARCHS_STANDARD_INCLUDING_64_BIT)";
				BUNDLE_LOADER = "$(BUILT_PRODUCTS_DIR)/ModelDataTest.app/ModelDataTest";
				FRAMEWORK_SEARCH_PATHS = (
					"$(SDKROOT)/Developer/Library/Frameworks",
					"$(inherited)",
					"$(DEVELOPER_FRAMEWORKS_DIR)",
				);
				GCC_PRECOMPILE_PREFIX_HEADER = YES;
				GCC_PREFIX_HEADER = "ModelDataTest/ModelDataTest-Prefix.pch";
				INFOPLIST_FILE = "ModelDataTestTests/ModelDataTestTests-Info.plist";
				PRODUCT_NAME = "$(TARGET_NAME)";
				TEST_HOST = "$(BUNDLE_LOADER)";
				WRAPPER_EXTENSION = xctest;
			};
			name = Release;
		};
/* End XCBuildConfiguration section */

/* Begin XCConfigurationList section */
		B34333F6187E337E0017D7B3 /* Build configuration list for PBXProject "ModelDataTest" */ = {
			isa = XCConfigurationList;
			buildConfigurations = (
				B343342B187E337F0017D7B3 /* Debug */,
				B343342C187E337F0017D7B3 /* Release */,
			);
			defaultConfigurationIsVisible = 0;
			defaultConfigurationName = Release;
		};
		B343342D187E337F0017D7B3 /* Build configuration list for PBXNativeTarget "ModelDataTest" */ = {
			isa = XCConfigurationList;
			buildConfigurations = (
				B343342E187E337F0017D7B3 /* Debug */,
				B343342F187E337F0017D7B3 /* Release */,
			);
			defaultConfigurationIsVisible = 0;
		};
		B3433430187E337F0017D7B3 /* Build configuration list for PBXNativeTarget "ModelDataTestTests" */ = {
			isa = XCConfigurationList;
			buildConfigurations = (
				B3433431187E337F0017D7B3 /* Debug */,
				B3433432187E337F0017D7B3 /* Release */,
			);
			defaultConfigurationIsVisible = 0;
		};
/* End XCConfigurationList section */
	};
	rootObject = B34333F3187E337E0017D7B3 /* Project object */;
}
